// !$*UTF8*$!
{
	archiveVersion = 1;
	classes = {
	};
	objectVersion = 55;
	objects = {

/* Begin PBXBuildFile section */
		4A2E8CE327304E0E0054C6B2 /* AppDelegate.swift in Sources */ = {isa = PBXBuildFile; fileRef = 4A2E8CE227304E0E0054C6B2 /* AppDelegate.swift */; };
		4A2E8CE527304E0E0054C6B2 /* SceneDelegate.swift in Sources */ = {isa = PBXBuildFile; fileRef = 4A2E8CE427304E0E0054C6B2 /* SceneDelegate.swift */; };
		4A2E8CE727304E0E0054C6B2 /* ViewController.swift in Sources */ = {isa = PBXBuildFile; fileRef = 4A2E8CE627304E0E0054C6B2 /* ViewController.swift */; };
		4A2E8CEA27304E0E0054C6B2 /* Main.storyboard in Resources */ = {isa = PBXBuildFile; fileRef = 4A2E8CE827304E0E0054C6B2 /* Main.storyboard */; };
		4A2E8CEC27304E0F0054C6B2 /* Assets.xcassets in Resources */ = {isa = PBXBuildFile; fileRef = 4A2E8CEB27304E0F0054C6B2 /* Assets.xcassets */; };
		4A2E8CEF27304E0F0054C6B2 /* LaunchScreen.storyboard in Resources */ = {isa = PBXBuildFile; fileRef = 4A2E8CED27304E0F0054C6B2 /* LaunchScreen.storyboard */; };
		4A2E8CF727304F0B0054C6B2 /* CryptoTableViewCell.swift in Sources */ = {isa = PBXBuildFile; fileRef = 4A2E8CF627304F0B0054C6B2 /* CryptoTableViewCell.swift */; };
		4A2E8CFF273083FC0054C6B2 /* CryptoCurrency.swift in Sources */ = {isa = PBXBuildFile; fileRef = 4A2E8CFE273083FC0054C6B2 /* CryptoCurrency.swift */; };
		4A2E8D01273085F40054C6B2 /* WebService.swift in Sources */ = {isa = PBXBuildFile; fileRef = 4A2E8D00273085F40054C6B2 /* WebService.swift */; };
		4A6780012731855400966B74 /* CryptoViewModel.swift in Sources */ = {isa = PBXBuildFile; fileRef = 4A6780002731855400966B74 /* CryptoViewModel.swift */; };
/* End PBXBuildFile section */

/* Begin PBXFileReference section */
		4A2E8CDF27304E0E0054C6B2 /* CryptoConverter.app */ = {isa = PBXFileReference; explicitFileType = wrapper.application; includeInIndex = 0; path = CryptoConverter.app; sourceTree = BUILT_PRODUCTS_DIR; };
		4A2E8CE227304E0E0054C6B2 /* AppDelegate.swift */ = {isa = PBXFileReference; lastKnownFileType = sourcecode.swift; path = AppDelegate.swift; sourceTree = "<group>"; };
		4A2E8CE427304E0E0054C6B2 /* SceneDelegate.swift */ = {isa = PBXFileReference; lastKnownFileType = sourcecode.swift; path = SceneDelegate.swift; sourceTree = "<group>"; };
		4A2E8CE627304E0E0054C6B2 /* ViewController.swift */ = {isa = PBXFileReference; lastKnownFileType = sourcecode.swift; path = ViewController.swift; sourceTree = "<group>"; };
		4A2E8CE927304E0E0054C6B2 /* Base */ = {isa = PBXFileReference; lastKnownFileType = file.storyboard; name = Base; path = Base.lproj/Main.storyboard; sourceTree = "<group>"; };
		4A2E8CEB27304E0F0054C6B2 /* Assets.xcassets */ = {isa = PBXFileReference; lastKnownFileType = folder.assetcatalog; path = Assets.xcassets; sourceTree = "<group>"; };
		4A2E8CEE27304E0F0054C6B2 /* Base */ = {isa = PBXFileReference; lastKnownFileType = file.storyboard; name = Base; path = Base.lproj/LaunchScreen.storyboard; sourceTree = "<group>"; };
		4A2E8CF027304E0F0054C6B2 /* Info.plist */ = {isa = PBXFileReference; lastKnownFileType = text.plist.xml; path = Info.plist; sourceTree = "<group>"; };
		4A2E8CF627304F0B0054C6B2 /* CryptoTableViewCell.swift */ = {isa = PBXFileReference; lastKnownFileType = sourcecode.swift; path = CryptoTableViewCell.swift; sourceTree = "<group>"; };
		4A2E8CFE273083FC0054C6B2 /* CryptoCurrency.swift */ = {isa = PBXFileReference; lastKnownFileType = sourcecode.swift; path = CryptoCurrency.swift; sourceTree = "<group>"; };
		4A2E8D00273085F40054C6B2 /* WebService.swift */ = {isa = PBXFileReference; lastKnownFileType = sourcecode.swift; path = WebService.swift; sourceTree = "<group>"; };
		4A6780002731855400966B74 /* CryptoViewModel.swift */ = {isa = PBXFileReference; lastKnownFileType = sourcecode.swift; path = CryptoViewModel.swift; sourceTree = "<group>"; };
/* End PBXFileReference section */

/* Begin PBXFrameworksBuildPhase section */
		4A2E8CDC27304E0E0054C6B2 /* Frameworks */ = {
			isa = PBXFrameworksBuildPhase;
			buildActionMask = 2147483647;
			files = (
			);
			runOnlyForDeploymentPostprocessing = 0;
		};
/* End PBXFrameworksBuildPhase section */

/* Begin PBXGroup section */
		4A2E8CD627304E0E0054C6B2 = {
			isa = PBXGroup;
			children = (
				4A2E8CE127304E0E0054C6B2 /* CryptoConverter */,
				4A2E8CE027304E0E0054C6B2 /* Products */,
			);
			sourceTree = "<group>";
		};
		4A2E8CE027304E0E0054C6B2 /* Products */ = {
			isa = PBXGroup;
			children = (
				4A2E8CDF27304E0E0054C6B2 /* CryptoConverter.app */,
			);
			name = Products;
			sourceTree = "<group>";
		};
		4A2E8CE127304E0E0054C6B2 /* CryptoConverter */ = {
			isa = PBXGroup;
			children = (
				4A2E8CFD273083CC0054C6B2 /* Service */,
				4A2E8CFA2730837A0054C6B2 /* Model */,
				4A2E8CF92730836F0054C6B2 /* View Model */,
				4A2E8CF8273083690054C6B2 /* View */,
				4A2E8CE827304E0E0054C6B2 /* Main.storyboard */,
				4A2E8CEB27304E0F0054C6B2 /* Assets.xcassets */,
				4A2E8CED27304E0F0054C6B2 /* LaunchScreen.storyboard */,
				4A2E8CF027304E0F0054C6B2 /* Info.plist */,
			);
			path = CryptoConverter;
			sourceTree = "<group>";
		};
		4A2E8CF8273083690054C6B2 /* View */ = {
			isa = PBXGroup;
			children = (
				4A2E8CE227304E0E0054C6B2 /* AppDelegate.swift */,
				4A2E8CE427304E0E0054C6B2 /* SceneDelegate.swift */,
				4A2E8CE627304E0E0054C6B2 /* ViewController.swift */,
				4A2E8CF627304F0B0054C6B2 /* CryptoTableViewCell.swift */,
			);
			path = View;
			sourceTree = "<group>";
		};
		4A2E8CF92730836F0054C6B2 /* View Model */ = {
			isa = PBXGroup;
			children = (
				4A6780002731855400966B74 /* CryptoViewModel.swift */,
			);
			path = "View Model";
			sourceTree = "<group>";
		};
		4A2E8CFA2730837A0054C6B2 /* Model */ = {
			isa = PBXGroup;
			children = (
				4A2E8CFE273083FC0054C6B2 /* CryptoCurrency.swift */,
			);
			path = Model;
			sourceTree = "<group>";
		};
		4A2E8CFD273083CC0054C6B2 /* Service */ = {
			isa = PBXGroup;
			children = (
				4A2E8D00273085F40054C6B2 /* WebService.swift */,
			);
			path = Service;
			sourceTree = "<group>";
		};
/* End PBXGroup section */

/* Begin PBXNativeTarget section */
		4A2E8CDE27304E0E0054C6B2 /* CryptoConverter */ = {
			isa = PBXNativeTarget;
			buildConfigurationList = 4A2E8CF327304E0F0054C6B2 /* Build configuration list for PBXNativeTarget "CryptoConverter" */;
			buildPhases = (
				4A2E8CDB27304E0E0054C6B2 /* Sources */,
				4A2E8CDC27304E0E0054C6B2 /* Frameworks */,
				4A2E8CDD27304E0E0054C6B2 /* Resources */,
			);
			buildRules = (
			);
			dependencies = (
			);
			name = CryptoConverter;
			productName = CryptoConverter;
			productReference = 4A2E8CDF27304E0E0054C6B2 /* CryptoConverter.app */;
			productType = "com.apple.product-type.application";
		};
/* End PBXNativeTarget section */

/* Begin PBXProject section */
		4A2E8CD727304E0E0054C6B2 /* Project object */ = {
			isa = PBXProject;
			attributes = {
				BuildIndependentTargetsInParallel = 1;
				LastSwiftUpdateCheck = 1300;
				LastUpgradeCheck = 1300;
				TargetAttributes = {
					4A2E8CDE27304E0E0054C6B2 = {
						CreatedOnToolsVersion = 13.0;
					};
				};
			};
			buildConfigurationList = 4A2E8CDA27304E0E0054C6B2 /* Build configuration list for PBXProject "CryptoConverter" */;
			compatibilityVersion = "Xcode 13.0";
			developmentRegion = en;
			hasScannedForEncodings = 0;
			knownRegions = (
				en,
				Base,
			);
			mainGroup = 4A2E8CD627304E0E0054C6B2;
			productRefGroup = 4A2E8CE027304E0E0054C6B2 /* Products */;
			projectDirPath = "";
			projectRoot = "";
			targets = (
				4A2E8CDE27304E0E0054C6B2 /* CryptoConverter */,
			);
		};
/* End PBXProject section */

/* Begin PBXResourcesBuildPhase section */
		4A2E8CDD27304E0E0054C6B2 /* Resources */ = {
			isa = PBXResourcesBuildPhase;
			buildActionMask = 2147483647;
			files = (
				4A2E8CEF27304E0F0054C6B2 /* LaunchScreen.storyboard in Resources */,
				4A2E8CEC27304E0F0054C6B2 /* Assets.xcassets in Resources */,
				4A2E8CEA27304E0E0054C6B2 /* Main.storyboard in Resources */,
			);
			runOnlyForDeploymentPostprocessing = 0;
		};
/* End PBXResourcesBuildPhase section */

/* Begin PBXSourcesBuildPhase section */
		4A2E8CDB27304E0E0054C6B2 /* Sources */ = {
			isa = PBXSourcesBuildPhase;
			buildActionMask = 2147483647;
			files = (
				4A2E8D01273085F40054C6B2 /* WebService.swift in Sources */,
				4A2E8CF727304F0B0054C6B2 /* CryptoTableViewCell.swift in Sources */,
				4A2E8CE727304E0E0054C6B2 /* ViewController.swift in Sources */,
				4A6780012731855400966B74 /* CryptoViewModel.swift in Sources */,
				4A2E8CE327304E0E0054C6B2 /* AppDelegate.swift in Sources */,
				4A2E8CFF273083FC0054C6B2 /* CryptoCurrency.swift in Sources */,
				4A2E8CE527304E0E0054C6B2 /* SceneDelegate.swift in Sources */,
			);
			runOnlyForDeploymentPostprocessing = 0;
		};
/* End PBXSourcesBuildPhase section */

/* Begin PBXVariantGroup section */
		4A2E8CE827304E0E0054C6B2 /* Main.storyboard */ = {
			isa = PBXVariantGroup;
			children = (
				4A2E8CE927304E0E0054C6B2 /* Base */,
			);
			name = Main.storyboard;
			sourceTree = "<group>";
		};
		4A2E8CED27304E0F0054C6B2 /* LaunchScreen.storyboard */ = {
			isa = PBXVariantGroup;
			children = (
				4A2E8CEE27304E0F0054C6B2 /* Base */,
			);
			name = LaunchScreen.storyboard;
			sourceTree = "<group>";
		};
/* End PBXVariantGroup section */

/* Begin XCBuildConfiguration section */
		4A2E8CF127304E0F0054C6B2 /* Debug */ = {
			isa = XCBuildConfiguration;
			buildSettings = {
				ALWAYS_SEARCH_USER_PATHS = NO;
				CLANG_ANALYZER_NONNULL = YES;
				CLANG_ANALYZER_NUMBER_OBJECT_CONVERSION = YES_AGGRESSIVE;
				CLANG_CXX_LANGUAGE_STANDARD = "gnu++17";
				CLANG_CXX_LIBRARY = "libc++";
				CLANG_ENABLE_MODULES = YES;
				CLANG_ENABLE_OBJC_ARC = YES;
				CLANG_ENABLE_OBJC_WEAK = YES;
				CLANG_WARN_BLOCK_CAPTURE_AUTORELEASING = YES;
				CLANG_WARN_BOOL_CONVERSION = YES;
				CLANG_WARN_COMMA = YES;
				CLANG_WARN_CONSTANT_CONVERSION = YES;
				CLANG_WARN_DEPRECATED_OBJC_IMPLEMENTATIONS = YES;
				CLANG_WARN_DIRECT_OBJC_ISA_USAGE = YES_ERROR;
				CLANG_WARN_DOCUMENTATION_COMMENTS = YES;
				CLANG_WARN_EMPTY_BODY = YES;
				CLANG_WARN_ENUM_CONVERSION = YES;
				CLANG_WARN_INFINITE_RECURSION = YES;
				CLANG_WARN_INT_CONVERSION = YES;
				CLANG_WARN_NON_LITERAL_NULL_CONVERSION = YES;
				CLANG_WARN_OBJC_IMPLICIT_RETAIN_SELF = YES;
				CLANG_WARN_OBJC_LITERAL_CONVERSION = YES;
				CLANG_WARN_OBJC_ROOT_CLASS = YES_ERROR;
				CLANG_WARN_QUOTED_INCLUDE_IN_FRAMEWORK_HEADER = YES;
				CLANG_WARN_RANGE_LOOP_ANALYSIS = YES;
				CLANG_WARN_STRICT_PROTOTYPES = YES;
				CLANG_WARN_SUSPICIOUS_MOVE = YES;
				CLANG_WARN_UNGUARDED_AVAILABILITY = YES_AGGRESSIVE;
				CLANG_WARN_UNREACHABLE_CODE = YES;
				CLANG_WARN__DUPLICATE_METHOD_MATCH = YES;
				COPY_PHASE_STRIP = NO;
				DEBUG_INFORMATION_FORMAT = dwarf;
				ENABLE_STRICT_OBJC_MSGSEND = YES;
				ENABLE_TESTABILITY = YES;
				GCC_C_LANGUAGE_STANDARD = gnu11;
				GCC_DYNAMIC_NO_PIC = NO;
				GCC_NO_COMMON_BLOCKS = YES;
				GCC_OPTIMIZATION_LEVEL = 0;
				GCC_PREPROCESSOR_DEFINITIONS = (
					"DEBUG=1",
					"$(inherited)",
				);
				GCC_WARN_64_TO_32_BIT_CONVERSION = YES;
				GCC_WARN_ABOUT_RETURN_TYPE = YES_ERROR;
				GCC_WARN_UNDECLARED_SELECTOR = YES;
				GCC_WARN_UNINITIALIZED_AUTOS = YES_AGGRESSIVE;
				GCC_WARN_UNUSED_FUNCTION = YES;
				GCC_WARN_UNUSED_VARIABLE = YES;
				IPHONEOS_DEPLOYMENT_TARGET = 15.0;
				MTL_ENABLE_DEBUG_INFO = INCLUDE_SOURCE;
				MTL_FAST_MATH = YES;
				ONLY_ACTIVE_ARCH = YES;
				SDKROOT = iphoneos;
				SWIFT_ACTIVE_COMPILATION_CONDITIONS = DEBUG;
				SWIFT_OPTIMIZATION_LEVEL = "-Onone";
			};
			name = Debug;
		};
		4A2E8CF227304E0F0054C6B2 /* Release */ = {
			isa = XCBuildConfiguration;
			buildSettings = {
				ALWAYS_SEARCH_USER_PATHS = NO;
				CLANG_ANALYZER_NONNULL = YES;
				CLANG_ANALYZER_NUMBER_OBJECT_CONVERSION = YES_AGGRESSIVE;
				CLANG_CXX_LANGUAGE_STANDARD = "gnu++17";
				CLANG_CXX_LIBRARY = "libc++";
				CLANG_ENABLE_MODULES = YES;
				CLANG_ENABLE_OBJC_ARC = YES;
				CLANG_ENABLE_OBJC_WEAK = YES;
				CLANG_WARN_BLOCK_CAPTURE_AUTORELEASING = YES;
				CLANG_WARN_BOOL_CONVERSION = YES;
				CLANG_WARN_COMMA = YES;
				CLANG_WARN_CONSTANT_CONVERSION = YES;
				CLANG_WARN_DEPRECATED_OBJC_IMPLEMENTATIONS = YES;
				CLANG_WARN_DIRECT_OBJC_ISA_USAGE = YES_ERROR;
				CLANG_WARN_DOCUMENTATION_COMMENTS = YES;
				CLANG_WARN_EMPTY_BODY = YES;
				CLANG_WARN_ENUM_CONVERSION = YES;
				CLANG_WARN_INFINITE_RECURSION = YES;
				CLANG_WARN_INT_CONVERSION = YES;
				CLANG_WARN_NON_LITERAL_NULL_CONVERSION = YES;
				CLANG_WARN_OBJC_IMPLICIT_RETAIN_SELF = YES;
				CLANG_WARN_OBJC_LITERAL_CONVERSION = YES;
				CLANG_WARN_OBJC_ROOT_CLASS = YES_ERROR;
				CLANG_WARN_QUOTED_INCLUDE_IN_FRAMEWORK_HEADER = YES;
				CLANG_WARN_RANGE_LOOP_ANALYSIS = YES;
				CLANG_WARN_STRICT_PROTOTYPES = YES;
				CLANG_WARN_SUSPICIOUS_MOVE = YES;
				CLANG_WARN_UNGUARDED_AVAILABILITY = YES_AGGRESSIVE;
				CLANG_WARN_UNREACHABLE_CODE = YES;
				CLANG_WARN__DUPLICATE_METHOD_MATCH = YES;
				COPY_PHASE_STRIP = NO;
				DEBUG_INFORMATION_FORMAT = "dwarf-with-dsym";
				ENABLE_NS_ASSERTIONS = NO;
				ENABLE_STRICT_OBJC_MSGSEND = YES;
				GCC_C_LANGUAGE_STANDARD = gnu11;
				GCC_NO_COMMON_BLOCKS = YES;
				GCC_WARN_64_TO_32_BIT_CONVERSION = YES;
				GCC_WARN_ABOUT_RETURN_TYPE = YES_ERROR;
				GCC_WARN_UNDECLARED_SELECTOR = YES;
				GCC_WARN_UNINITIALIZED_AUTOS = YES_AGGRESSIVE;
				GCC_WARN_UNUSED_FUNCTION = YES;
				GCC_WARN_UNUSED_VARIABLE = YES;
				IPHONEOS_DEPLOYMENT_TARGET = 15.0;
				MTL_ENABLE_DEBUG_INFO = NO;
				MTL_FAST_MATH = YES;
				SDKROOT = iphoneos;
				SWIFT_COMPILATION_MODE = wholemodule;
				SWIFT_OPTIMIZATION_LEVEL = "-O";
				VALIDATE_PRODUCT = YES;
			};
			name = Release;
		};
		4A2E8CF427304E0F0054C6B2 /* Debug */ = {
			isa = XCBuildConfiguration;
			buildSettings = {
				ASSETCATALOG_COMPILER_APPICON_NAME = AppIcon;
				ASSETCATALOG_COMPILER_GLOBAL_ACCENT_COLOR_NAME = AccentColor;
				CODE_SIGN_STYLE = Automatic;
				CURRENT_PROJECT_VERSION = 1;
				DEVELOPMENT_TEAM = MZ734Q5998;
				GENERATE_INFOPLIST_FILE = YES;
				INFOPLIST_FILE = CryptoConverter/Info.plist;
				INFOPLIST_KEY_UIApplicationSupportsIndirectInputEvents = YES;
				INFOPLIST_KEY_UILaunchStoryboardName = LaunchScreen;
				INFOPLIST_KEY_UIMainStoryboardFile = Main;
				INFOPLIST_KEY_UISupportedInterfaceOrientations_iPad = "UIInterfaceOrientationPortrait UIInterfaceOrientationPortraitUpsideDown UIInterfaceOrientationLandscapeLeft UIInterfaceOrientationLandscapeRight";
				INFOPLIST_KEY_UISupportedInterfaceOrientations_iPhone = "UIInterfaceOrientationPortrait UIInterfaceOrientationLandscapeLeft UIInterfaceOrientationLandscapeRight";
				LD_RUNPATH_SEARCH_PATHS = (
					"$(inherited)",
					"@executable_path/Frameworks",
				);
				MARKETING_VERSION = 1.0;
				PRODUCT_BUNDLE_IDENTIFIER = com.onuralpyahnici.CryptoConverter;
				PRODUCT_NAME = "$(TARGET_NAME)";
				SWIFT_EMIT_LOC_STRINGS = YES;
				SWIFT_VERSION = 5.0;
				TARGETED_DEVICE_FAMILY = "1,2";
			};
			name = Debug;
		};
		4A2E8CF527304E0F0054C6B2 /* Release */ = {
			isa = XCBuildConfiguration;
			buildSettings = {
				ASSETCATALOG_COMPILER_APPICON_NAME = AppIcon;
				ASSETCATALOG_COMPILER_GLOBAL_ACCENT_COLOR_NAME = AccentColor;
				CODE_SIGN_STYLE = Automatic;
				CURRENT_PROJECT_VERSION = 1;
				DEVELOPMENT_TEAM = MZ734Q5998;
				GENERATE_INFOPLIST_FILE = YES;
				INFOPLIST_FILE = CryptoConverter/Info.plist;
				INFOPLIST_KEY_UIApplicationSupportsIndirectInputEvents = YES;
				INFOPLIST_KEY_UILaunchStoryboardName = LaunchScreen;
				INFOPLIST_KEY_UIMainStoryboardFile = Main;
				INFOPLIST_KEY_UISupportedInterfaceOrientations_iPad = "UIInterfaceOrientationPortrait UIInterfaceOrientationPortraitUpsideDown UIInterfaceOrientationLandscapeLeft UIInterfaceOrientationLandscapeRight";
				INFOPLIST_KEY_UISupportedInterfaceOrientations_iPhone = "UIInterfaceOrientationPortrait UIInterfaceOrientationLandscapeLeft UIInterfaceOrientationLandscapeRight";
				LD_RUNPATH_SEARCH_PATHS = (
					"$(inherited)",
					"@executable_path/Frameworks",
				);
				MARKETING_VERSION = 1.0;
				PRODUCT_BUNDLE_IDENTIFIER = com.onuralpyahnici.CryptoConverter;
				PRODUCT_NAME = "$(TARGET_NAME)";
				SWIFT_EMIT_LOC_STRINGS = YES;
				SWIFT_VERSION = 5.0;
				TARGETED_DEVICE_FAMILY = "1,2";
			};
			name = Release;
		};
/* End XCBuildConfiguration section */

/* Begin XCConfigurationList section */
		4A2E8CDA27304E0E0054C6B2 /* Build configuration list for PBXProject "CryptoConverter" */ = {
			isa = XCConfigurationList;
			buildConfigurations = (
				4A2E8CF127304E0F0054C6B2 /* Debug */,
				4A2E8CF227304E0F0054C6B2 /* Release */,
			);
			defaultConfigurationIsVisible = 0;
			defaultConfigurationName = Release;
		};
		4A2E8CF327304E0F0054C6B2 /* Build configuration list for PBXNativeTarget "CryptoConverter" */ = {
			isa = XCConfigurationList;
			buildConfigurations = (
				4A2E8CF427304E0F0054C6B2 /* Debug */,
				4A2E8CF527304E0F0054C6B2 /* Release */,
			);
			defaultConfigurationIsVisible = 0;
			defaultConfigurationName = Release;
		};
/* End XCConfigurationList section */
	};
	rootObject = 4A2E8CD727304E0E0054C6B2 /* Project object */;
}
